
Microsoft Visual Studio Solution File, Format Version 12.00
# Visual Studio Version 17
VisualStudioVersion = 17.5.002.0
MinimumVisualStudioVersion = 10.0.40219.1
Project("{9A19103F-16F7-4668-BE54-9A1E7A4F7556}") = "BrainMrow", "BrainMrow.csproj", "{D68168DF-A6FF-4D24-BF34-D7AE9D6BC070}"
EndProject
Global
	GlobalSection(SolutionConfigurationPlatforms) = preSolution
		Debug|Any CPU = Debug|Any CPU
		Release|Any CPU = Release|Any CPU
	EndGlobalSection
	GlobalSection(ProjectConfigurationPlatforms) = postSolution
		{D68168DF-A6FF-4D24-BF34-D7AE9D6BC070}.Debug|Any CPU.ActiveCfg = Debug|Any CPU
		{D68168DF-A6FF-4D24-BF34-D7AE9D6BC070}.Debug|Any CPU.Build.0 = Debug|Any CPU
		{D68168DF-A6FF-4D24-BF34-D7AE9D6BC070}.Release|Any CPU.ActiveCfg = Release|Any CPU
		{D68168DF-A6FF-4D24-BF34-D7AE9D6BC070}.Release|Any CPU.Build.0 = Release|Any CPU
	EndGlobalSection
	GlobalSection(SolutionProperties) = preSolution
		HideSolutionNode = FALSE
	EndGlobalSection
	GlobalSection(ExtensibilityGlobals) = postSolution
		SolutionGuid = {863B90D7-4B1F-48BD-B4D4-DE6FF2906CB2}
	EndGlobalSection
EndGlobal
